{
  "version": 4,
  "terraform_version": "1.11.4",
  "serial": 10,
  "lineage": "c267fb37-d550-d06b-fe18-743af7cdffe8",
  "outputs": {
    "manager_public_ip": {
      "value": "158.160.57.121",
      "type": "string"
    },
    "sockshop_url": {
      "value": "http://158.160.57.121",
      "type": "string"
    }
  },
  "resources": [
    {
      "mode": "managed",
      "type": "null_resource",
      "name": "configure_swarm",
      "provider": "provider[\"registry.terraform.io/hashicorp/null\"]",
      "instances": [
        {
          "schema_version": 0,
          "attributes": {
            "id": "2972808141566229085",
            "triggers": null
          },
          "sensitive_attributes": [],
          "dependencies": [
            "yandex_compute_instance.swarm_nodes",
            "yandex_vpc_network.sockshop_network",
            "yandex_vpc_subnet.sockshop_subnet"
          ]
        }
      ]
    },
    {
      "mode": "managed",
      "type": "null_resource",
      "name": "deploy_sockshop",
      "provider": "provider[\"registry.terraform.io/hashicorp/null\"]",
      "instances": [
        {
          "schema_version": 0,
          "attributes": {
            "id": "3074191616235713305",
            "triggers": {
              "swarm_ready": "4d0c61cfd06f7041a5e6f0b690242aa06c64e812"
            }
          },
          "sensitive_attributes": [],
          "dependencies": [
            "null_resource.configure_swarm",
            "null_resource.join_workers",
            "yandex_compute_instance.swarm_nodes",
            "yandex_vpc_network.sockshop_network",
            "yandex_vpc_subnet.sockshop_subnet"
          ]
        }
      ]
    },
    {
      "mode": "managed",
      "type": "null_resource",
      "name": "join_workers",
      "provider": "provider[\"registry.terraform.io/hashicorp/null\"]",
      "instances": [
        {
          "index_key": 0,
          "schema_version": 0,
          "attributes": {
            "id": "9007480123126149394",
            "triggers": {
              "manager_ip": "192.168.10.32",
              "swarm_token": "2972808141566229085"
            }
          },
          "sensitive_attributes": [],
          "dependencies": [
            "null_resource.configure_swarm",
            "yandex_compute_instance.swarm_nodes",
            "yandex_vpc_network.sockshop_network",
            "yandex_vpc_subnet.sockshop_subnet"
          ]
        },
        {
          "index_key": 1,
          "schema_version": 0,
          "attributes": {
            "id": "9080642961425946613",
            "triggers": {
              "manager_ip": "192.168.10.32",
              "swarm_token": "2972808141566229085"
            }
          },
          "sensitive_attributes": [],
          "dependencies": [
            "null_resource.configure_swarm",
            "yandex_compute_instance.swarm_nodes",
            "yandex_vpc_network.sockshop_network",
            "yandex_vpc_subnet.sockshop_subnet"
          ]
        }
      ]
    },
    {
      "mode": "managed",
      "type": "yandex_compute_instance",
      "name": "swarm_nodes",
      "provider": "provider[\"registry.terraform.io/yandex-cloud/yandex\"]",
      "instances": [
        {
          "index_key": 0,
          "schema_version": 1,
          "attributes": {
            "allow_recreate": null,
            "allow_stopping_for_update": null,
            "boot_disk": [
              {
                "auto_delete": true,
                "device_name": "fhm2g7ogvo0af736lf0b",
                "disk_id": "fhm2g7ogvo0af736lf0b",
                "initialize_params": [
                  {
                    "block_size": 4096,
                    "description": "",
                    "image_id": "fd8pfd17g205ujpmpb0a",
                    "kms_key_id": "",
                    "name": "",
                    "size": 20,
                    "snapshot_id": "",
                    "type": "network-hdd"
                  }
                ],
                "mode": "READ_WRITE"
              }
            ],
            "created_at": "2025-04-15T11:24:58Z",
            "description": "",
            "filesystem": [],
            "folder_id": "b1g9bocfri43pv7m860p",
            "fqdn": "fhmm6dv79uss0nbdl1pq.auto.internal",
            "gpu_cluster_id": "",
            "hardware_generation": [
              {
                "generation2_features": [],
                "legacy_features": [
                  {
                    "pci_topology": "PCI_TOPOLOGY_V1"
                  }
                ]
              }
            ],
            "hostname": "",
            "id": "fhmm6dv79uss0nbdl1pq",
            "labels": null,
            "local_disk": [],
            "maintenance_grace_period": "",
            "maintenance_policy": null,
            "metadata": {
              "ssh-keys": "user:ssh-rsa AAAAB3NzaC1yc2EAAAADAQABAAACAQDf/ylJEGjOTlnhAGzsTX9o8YV9IWNVC+pzK/4gyryAZ6M04IzMxTIQwLGoGF99KCZGe7gSYIS53aEpmlu8PP9X6BtuKewj62pTrnseTv3gTilqD8MBFT2wmrffN1dvtWCXwXIADIcW4vhEUj20RmsyARktbLSAynhxTYKpoRRm/dDyobXPB29nsyKsQYHwAirRjK/CDm047u6yOKI/pgiIkGhxoSzQaSdRAe74VyNZcDRR/+dawQqYzEonq5Fsoj8HL1qeKMCUtrkNfvl625ShtShgeC3jXP+1Fw+2bnxV/uep97w2BpQT7cvKTGneTrvBtvtyq/en7mq96Zx0ClT5ymleG+V+Me0BOBtdcrBXvTFwqzT0OfZdJjnY9AH1SDf9JBRP5T1XyG7+yDR6d3EX86VXhpaDkraQDDxaIgKRG1uOxDD34y4+XvYNYua7AzqtMao8Guto3b7uE/0pwCXba894bixt4cn60FqRzHTKKnpo1hewUNZY/GPu6ehc1Gb9P/IcckXoUJvtRJ9pqwu+PQFfj32OwdY2V62sTpPTJ7+vFiCxqkLkY4hQ/dhjuQPbgEK8w6lAnalQwkyKdwxMlPNWsNhOVXCdO4hfuqsl7wYxOE5OpPfX9J0w78wrBVkq+ETmX+RCqHmQsN7cRJjFujRn12qw+s9j3G2tcS1F9w== user@test",
              "user-data": "#cloud-config\nusers:\n  - name: user\n    sudo: ALL=(ALL) NOPASSWD:ALL\n    shell: /bin/bash\n    ssh-authorized-keys:\n      - ssh-rsa AAAAB3NzaC1yc2EAAAADAQABAAACAQDf/ylJEGjOTlnhAGzsTX9o8YV9IWNVC+pzK/4gyryAZ6M04IzMxTIQwLGoGF99KCZGe7gSYIS53aEpmlu8PP9X6BtuKewj62pTrnseTv3gTilqD8MBFT2wmrffN1dvtWCXwXIADIcW4vhEUj20RmsyARktbLSAynhxTYKpoRRm/dDyobXPB29nsyKsQYHwAirRjK/CDm047u6yOKI/pgiIkGhxoSzQaSdRAe74VyNZcDRR/+dawQqYzEonq5Fsoj8HL1qeKMCUtrkNfvl625ShtShgeC3jXP+1Fw+2bnxV/uep97w2BpQT7cvKTGneTrvBtvtyq/en7mq96Zx0ClT5ymleG+V+Me0BOBtdcrBXvTFwqzT0OfZdJjnY9AH1SDf9JBRP5T1XyG7+yDR6d3EX86VXhpaDkraQDDxaIgKRG1uOxDD34y4+XvYNYua7AzqtMao8Guto3b7uE/0pwCXba894bixt4cn60FqRzHTKKnpo1hewUNZY/GPu6ehc1Gb9P/IcckXoUJvtRJ9pqwu+PQFfj32OwdY2V62sTpPTJ7+vFiCxqkLkY4hQ/dhjuQPbgEK8w6lAnalQwkyKdwxMlPNWsNhOVXCdO4hfuqsl7wYxOE5OpPfX9J0w78wrBVkq+ETmX+RCqHmQsN7cRJjFujRn12qw+s9j3G2tcS1F9w== user@test\n"
            },
            "metadata_options": [
              {
                "aws_v1_http_endpoint": 1,
                "aws_v1_http_token": 2,
                "gce_http_endpoint": 1,
                "gce_http_token": 1
              }
            ],
            "name": "sockshop-0",
            "network_acceleration_type": "standard",
            "network_interface": [
              {
                "dns_record": [],
                "index": 0,
                "ip_address": "192.168.10.32",
                "ipv4": true,
                "ipv6": false,
                "ipv6_address": "",
                "ipv6_dns_record": [],
                "mac_address": "d0:0d:16:33:7e:74",
                "nat": true,
                "nat_dns_record": [],
                "nat_ip_address": "158.160.57.121",
                "nat_ip_version": "IPV4",
                "security_group_ids": [],
                "subnet_id": "e9b9ahsvlr9fahaoefsm"
              }
            ],
            "placement_policy": [
              {
                "host_affinity_rules": [],
                "placement_group_id": "",
                "placement_group_partition": 0
              }
            ],
            "platform_id": "standard-v2",
            "resources": [
              {
                "core_fraction": 100,
                "cores": 2,
                "gpus": 0,
                "memory": 4
              }
            ],
            "scheduling_policy": [
              {
                "preemptible": false
              }
            ],
            "secondary_disk": [],
            "service_account_id": "",
            "status": "running",
            "timeouts": null,
            "zone": "ru-central1-a"
          },
          "sensitive_attributes": [],
          "private": "eyJlMmJmYjczMC1lY2FhLTExZTYtOGY4OC0zNDM2M2JjN2M0YzAiOnsiY3JlYXRlIjozMDAwMDAwMDAwMDAsImRlbGV0ZSI6MzAwMDAwMDAwMDAwLCJ1cGRhdGUiOjMwMDAwMDAwMDAwMH0sInNjaGVtYV92ZXJzaW9uIjoiMSJ9",
          "dependencies": [
            "yandex_vpc_network.sockshop_network",
            "yandex_vpc_subnet.sockshop_subnet"
          ]
        },
        {
          "index_key": 1,
          "schema_version": 1,
          "attributes": {
            "allow_recreate": null,
            "allow_stopping_for_update": null,
            "boot_disk": [
              {
                "auto_delete": true,
                "device_name": "fhm6mej89c4eduub8qn0",
                "disk_id": "fhm6mej89c4eduub8qn0",
                "initialize_params": [
                  {
                    "block_size": 4096,
                    "description": "",
                    "image_id": "fd8pfd17g205ujpmpb0a",
                    "kms_key_id": "",
                    "name": "",
                    "size": 20,
                    "snapshot_id": "",
                    "type": "network-hdd"
                  }
                ],
                "mode": "READ_WRITE"
              }
            ],
            "created_at": "2025-04-15T11:24:57Z",
            "description": "",
            "filesystem": [],
            "folder_id": "b1g9bocfri43pv7m860p",
            "fqdn": "fhm22hdl0179jv2a9gae.auto.internal",
            "gpu_cluster_id": "",
            "hardware_generation": [
              {
                "generation2_features": [],
                "legacy_features": [
                  {
                    "pci_topology": "PCI_TOPOLOGY_V1"
                  }
                ]
              }
            ],
            "hostname": "",
            "id": "fhm22hdl0179jv2a9gae",
            "labels": null,
            "local_disk": [],
            "maintenance_grace_period": "",
            "maintenance_policy": null,
            "metadata": {
              "ssh-keys": "user:ssh-rsa AAAAB3NzaC1yc2EAAAADAQABAAACAQDf/ylJEGjOTlnhAGzsTX9o8YV9IWNVC+pzK/4gyryAZ6M04IzMxTIQwLGoGF99KCZGe7gSYIS53aEpmlu8PP9X6BtuKewj62pTrnseTv3gTilqD8MBFT2wmrffN1dvtWCXwXIADIcW4vhEUj20RmsyARktbLSAynhxTYKpoRRm/dDyobXPB29nsyKsQYHwAirRjK/CDm047u6yOKI/pgiIkGhxoSzQaSdRAe74VyNZcDRR/+dawQqYzEonq5Fsoj8HL1qeKMCUtrkNfvl625ShtShgeC3jXP+1Fw+2bnxV/uep97w2BpQT7cvKTGneTrvBtvtyq/en7mq96Zx0ClT5ymleG+V+Me0BOBtdcrBXvTFwqzT0OfZdJjnY9AH1SDf9JBRP5T1XyG7+yDR6d3EX86VXhpaDkraQDDxaIgKRG1uOxDD34y4+XvYNYua7AzqtMao8Guto3b7uE/0pwCXba894bixt4cn60FqRzHTKKnpo1hewUNZY/GPu6ehc1Gb9P/IcckXoUJvtRJ9pqwu+PQFfj32OwdY2V62sTpPTJ7+vFiCxqkLkY4hQ/dhjuQPbgEK8w6lAnalQwkyKdwxMlPNWsNhOVXCdO4hfuqsl7wYxOE5OpPfX9J0w78wrBVkq+ETmX+RCqHmQsN7cRJjFujRn12qw+s9j3G2tcS1F9w== user@test",
              "user-data": "#cloud-config\nusers:\n  - name: user\n    sudo: ALL=(ALL) NOPASSWD:ALL\n    shell: /bin/bash\n    ssh-authorized-keys:\n      - ssh-rsa AAAAB3NzaC1yc2EAAAADAQABAAACAQDf/ylJEGjOTlnhAGzsTX9o8YV9IWNVC+pzK/4gyryAZ6M04IzMxTIQwLGoGF99KCZGe7gSYIS53aEpmlu8PP9X6BtuKewj62pTrnseTv3gTilqD8MBFT2wmrffN1dvtWCXwXIADIcW4vhEUj20RmsyARktbLSAynhxTYKpoRRm/dDyobXPB29nsyKsQYHwAirRjK/CDm047u6yOKI/pgiIkGhxoSzQaSdRAe74VyNZcDRR/+dawQqYzEonq5Fsoj8HL1qeKMCUtrkNfvl625ShtShgeC3jXP+1Fw+2bnxV/uep97w2BpQT7cvKTGneTrvBtvtyq/en7mq96Zx0ClT5ymleG+V+Me0BOBtdcrBXvTFwqzT0OfZdJjnY9AH1SDf9JBRP5T1XyG7+yDR6d3EX86VXhpaDkraQDDxaIgKRG1uOxDD34y4+XvYNYua7AzqtMao8Guto3b7uE/0pwCXba894bixt4cn60FqRzHTKKnpo1hewUNZY/GPu6ehc1Gb9P/IcckXoUJvtRJ9pqwu+PQFfj32OwdY2V62sTpPTJ7+vFiCxqkLkY4hQ/dhjuQPbgEK8w6lAnalQwkyKdwxMlPNWsNhOVXCdO4hfuqsl7wYxOE5OpPfX9J0w78wrBVkq+ETmX+RCqHmQsN7cRJjFujRn12qw+s9j3G2tcS1F9w== user@test\n"
            },
            "metadata_options": [
              {
                "aws_v1_http_endpoint": 1,
                "aws_v1_http_token": 2,
                "gce_http_endpoint": 1,
                "gce_http_token": 1
              }
            ],
            "name": "sockshop-1",
            "network_acceleration_type": "standard",
            "network_interface": [
              {
                "dns_record": [],
                "index": 0,
                "ip_address": "192.168.10.14",
                "ipv4": true,
                "ipv6": false,
                "ipv6_address": "",
                "ipv6_dns_record": [],
                "mac_address": "d0:0d:21:45:b5:00",
                "nat": true,
                "nat_dns_record": [],
                "nat_ip_address": "158.160.40.12",
                "nat_ip_version": "IPV4",
                "security_group_ids": [],
                "subnet_id": "e9b9ahsvlr9fahaoefsm"
              }
            ],
            "placement_policy": [
              {
                "host_affinity_rules": [],
                "placement_group_id": "",
                "placement_group_partition": 0
              }
            ],
            "platform_id": "standard-v2",
            "resources": [
              {
                "core_fraction": 100,
                "cores": 2,
                "gpus": 0,
                "memory": 4
              }
            ],
            "scheduling_policy": [
              {
                "preemptible": false
              }
            ],
            "secondary_disk": [],
            "service_account_id": "",
            "status": "running",
            "timeouts": null,
            "zone": "ru-central1-a"
          },
          "sensitive_attributes": [],
          "private": "eyJlMmJmYjczMC1lY2FhLTExZTYtOGY4OC0zNDM2M2JjN2M0YzAiOnsiY3JlYXRlIjozMDAwMDAwMDAwMDAsImRlbGV0ZSI6MzAwMDAwMDAwMDAwLCJ1cGRhdGUiOjMwMDAwMDAwMDAwMH0sInNjaGVtYV92ZXJzaW9uIjoiMSJ9",
          "dependencies": [
            "yandex_vpc_network.sockshop_network",
            "yandex_vpc_subnet.sockshop_subnet"
          ]
        },
        {
          "index_key": 2,
          "schema_version": 1,
          "attributes": {
            "allow_recreate": null,
            "allow_stopping_for_update": null,
            "boot_disk": [
              {
                "auto_delete": true,
                "device_name": "fhmd6f057hiee6ch8okp",
                "disk_id": "fhmd6f057hiee6ch8okp",
                "initialize_params": [
                  {
                    "block_size": 4096,
                    "description": "",
                    "image_id": "fd8pfd17g205ujpmpb0a",
                    "kms_key_id": "",
                    "name": "",
                    "size": 20,
                    "snapshot_id": "",
                    "type": "network-hdd"
                  }
                ],
                "mode": "READ_WRITE"
              }
            ],
            "created_at": "2025-04-15T11:24:57Z",
            "description": "",
            "filesystem": [],
            "folder_id": "b1g9bocfri43pv7m860p",
            "fqdn": "fhmeqnopg70vf1j27c3r.auto.internal",
            "gpu_cluster_id": "",
            "hardware_generation": [
              {
                "generation2_features": [],
                "legacy_features": [
                  {
                    "pci_topology": "PCI_TOPOLOGY_V1"
                  }
                ]
              }
            ],
            "hostname": "",
            "id": "fhmeqnopg70vf1j27c3r",
            "labels": null,
            "local_disk": [],
            "maintenance_grace_period": "",
            "maintenance_policy": null,
            "metadata": {
              "ssh-keys": "user:ssh-rsa AAAAB3NzaC1yc2EAAAADAQABAAACAQDf/ylJEGjOTlnhAGzsTX9o8YV9IWNVC+pzK/4gyryAZ6M04IzMxTIQwLGoGF99KCZGe7gSYIS53aEpmlu8PP9X6BtuKewj62pTrnseTv3gTilqD8MBFT2wmrffN1dvtWCXwXIADIcW4vhEUj20RmsyARktbLSAynhxTYKpoRRm/dDyobXPB29nsyKsQYHwAirRjK/CDm047u6yOKI/pgiIkGhxoSzQaSdRAe74VyNZcDRR/+dawQqYzEonq5Fsoj8HL1qeKMCUtrkNfvl625ShtShgeC3jXP+1Fw+2bnxV/uep97w2BpQT7cvKTGneTrvBtvtyq/en7mq96Zx0ClT5ymleG+V+Me0BOBtdcrBXvTFwqzT0OfZdJjnY9AH1SDf9JBRP5T1XyG7+yDR6d3EX86VXhpaDkraQDDxaIgKRG1uOxDD34y4+XvYNYua7AzqtMao8Guto3b7uE/0pwCXba894bixt4cn60FqRzHTKKnpo1hewUNZY/GPu6ehc1Gb9P/IcckXoUJvtRJ9pqwu+PQFfj32OwdY2V62sTpPTJ7+vFiCxqkLkY4hQ/dhjuQPbgEK8w6lAnalQwkyKdwxMlPNWsNhOVXCdO4hfuqsl7wYxOE5OpPfX9J0w78wrBVkq+ETmX+RCqHmQsN7cRJjFujRn12qw+s9j3G2tcS1F9w== user@test",
              "user-data": "#cloud-config\nusers:\n  - name: user\n    sudo: ALL=(ALL) NOPASSWD:ALL\n    shell: /bin/bash\n    ssh-authorized-keys:\n      - ssh-rsa AAAAB3NzaC1yc2EAAAADAQABAAACAQDf/ylJEGjOTlnhAGzsTX9o8YV9IWNVC+pzK/4gyryAZ6M04IzMxTIQwLGoGF99KCZGe7gSYIS53aEpmlu8PP9X6BtuKewj62pTrnseTv3gTilqD8MBFT2wmrffN1dvtWCXwXIADIcW4vhEUj20RmsyARktbLSAynhxTYKpoRRm/dDyobXPB29nsyKsQYHwAirRjK/CDm047u6yOKI/pgiIkGhxoSzQaSdRAe74VyNZcDRR/+dawQqYzEonq5Fsoj8HL1qeKMCUtrkNfvl625ShtShgeC3jXP+1Fw+2bnxV/uep97w2BpQT7cvKTGneTrvBtvtyq/en7mq96Zx0ClT5ymleG+V+Me0BOBtdcrBXvTFwqzT0OfZdJjnY9AH1SDf9JBRP5T1XyG7+yDR6d3EX86VXhpaDkraQDDxaIgKRG1uOxDD34y4+XvYNYua7AzqtMao8Guto3b7uE/0pwCXba894bixt4cn60FqRzHTKKnpo1hewUNZY/GPu6ehc1Gb9P/IcckXoUJvtRJ9pqwu+PQFfj32OwdY2V62sTpPTJ7+vFiCxqkLkY4hQ/dhjuQPbgEK8w6lAnalQwkyKdwxMlPNWsNhOVXCdO4hfuqsl7wYxOE5OpPfX9J0w78wrBVkq+ETmX+RCqHmQsN7cRJjFujRn12qw+s9j3G2tcS1F9w== user@test\n"
            },
            "metadata_options": [
              {
                "aws_v1_http_endpoint": 1,
                "aws_v1_http_token": 2,
                "gce_http_endpoint": 1,
                "gce_http_token": 1
              }
            ],
            "name": "sockshop-2",
            "network_acceleration_type": "standard",
            "network_interface": [
              {
                "dns_record": [],
                "index": 0,
                "ip_address": "192.168.10.27",
                "ipv4": true,
                "ipv6": false,
                "ipv6_address": "",
                "ipv6_dns_record": [],
                "mac_address": "d0:0d:ed:5f:19:81",
                "nat": true,
                "nat_dns_record": [],
                "nat_ip_address": "89.169.156.165",
                "nat_ip_version": "IPV4",
                "security_group_ids": [],
                "subnet_id": "e9b9ahsvlr9fahaoefsm"
              }
            ],
            "placement_policy": [
              {
                "host_affinity_rules": [],
                "placement_group_id": "",
                "placement_group_partition": 0
              }
            ],
            "platform_id": "standard-v2",
            "resources": [
              {
                "core_fraction": 100,
                "cores": 2,
                "gpus": 0,
                "memory": 4
              }
            ],
            "scheduling_policy": [
              {
                "preemptible": false
              }
            ],
            "secondary_disk": [],
            "service_account_id": "",
            "status": "running",
            "timeouts": null,
            "zone": "ru-central1-a"
          },
          "sensitive_attributes": [],
          "private": "eyJlMmJmYjczMC1lY2FhLTExZTYtOGY4OC0zNDM2M2JjN2M0YzAiOnsiY3JlYXRlIjozMDAwMDAwMDAwMDAsImRlbGV0ZSI6MzAwMDAwMDAwMDAwLCJ1cGRhdGUiOjMwMDAwMDAwMDAwMH0sInNjaGVtYV92ZXJzaW9uIjoiMSJ9",
          "dependencies": [
            "yandex_vpc_network.sockshop_network",
            "yandex_vpc_subnet.sockshop_subnet"
          ]
        }
      ]
    },
    {
      "mode": "managed",
      "type": "yandex_vpc_network",
      "name": "sockshop_network",
      "provider": "provider[\"registry.terraform.io/yandex-cloud/yandex\"]",
      "instances": [
        {
          "schema_version": 0,
          "attributes": {
            "created_at": "2025-04-15T11:24:53Z",
            "default_security_group_id": "enpooiqvtrlq88hh3m0m",
            "description": "",
            "folder_id": "b1g9bocfri43pv7m860p",
            "id": "enpco1r41ufkt4g81a4o",
            "labels": {},
            "name": "sockshop-network",
            "subnet_ids": [],
            "timeouts": null
          },
          "sensitive_attributes": [],
          "private": "eyJlMmJmYjczMC1lY2FhLTExZTYtOGY4OC0zNDM2M2JjN2M0YzAiOnsiY3JlYXRlIjo2MDAwMDAwMDAwMCwiZGVsZXRlIjo2MDAwMDAwMDAwMCwidXBkYXRlIjo2MDAwMDAwMDAwMH19"
        }
      ]
    },
    {
      "mode": "managed",
      "type": "yandex_vpc_subnet",
      "name": "sockshop_subnet",
      "provider": "provider[\"registry.terraform.io/yandex-cloud/yandex\"]",
      "instances": [
        {
          "schema_version": 0,
          "attributes": {
            "created_at": "2025-04-15T11:24:56Z",
            "description": "",
            "dhcp_options": [],
            "folder_id": "b1g9bocfri43pv7m860p",
            "id": "e9b9ahsvlr9fahaoefsm",
            "labels": {},
            "name": "sockshop-subnet",
            "network_id": "enpco1r41ufkt4g81a4o",
            "route_table_id": "",
            "timeouts": null,
            "v4_cidr_blocks": [
              "192.168.10.0/24"
            ],
            "v6_cidr_blocks": [],
            "zone": "ru-central1-a"
          },
          "sensitive_attributes": [],
          "private": "eyJlMmJmYjczMC1lY2FhLTExZTYtOGY4OC0zNDM2M2JjN2M0YzAiOnsiY3JlYXRlIjoxODAwMDAwMDAwMDAsImRlbGV0ZSI6MTgwMDAwMDAwMDAwLCJ1cGRhdGUiOjE4MDAwMDAwMDAwMH19",
          "dependencies": [
            "yandex_vpc_network.sockshop_network"
          ]
        }
      ]
    }
  ],
  "check_results": null
}
